// !$*UTF8*$!
{
	archiveVersion = 1;
	classes = {
	};
	objectVersion = 50;
	objects = {

/* Begin PBXBuildFile section */
		1825127022BC369C000C3EC4 /* AppDelegate.swift in Sources */ = {isa = PBXBuildFile; fileRef = 1825126F22BC369C000C3EC4 /* AppDelegate.swift */; };
		1825127222BC369C000C3EC4 /* ViewController.swift in Sources */ = {isa = PBXBuildFile; fileRef = 1825127122BC369C000C3EC4 /* ViewController.swift */; };
		1825127522BC369C000C3EC4 /* Main.storyboard in Resources */ = {isa = PBXBuildFile; fileRef = 1825127322BC369C000C3EC4 /* Main.storyboard */; };
		1825127722BC369D000C3EC4 /* Assets.xcassets in Resources */ = {isa = PBXBuildFile; fileRef = 1825127622BC369D000C3EC4 /* Assets.xcassets */; };
		1825127A22BC369D000C3EC4 /* LaunchScreen.storyboard in Resources */ = {isa = PBXBuildFile; fileRef = 1825127822BC369D000C3EC4 /* LaunchScreen.storyboard */; };
		1825128522BC369D000C3EC4 /* EmojinalTests.swift in Sources */ = {isa = PBXBuildFile; fileRef = 1825128422BC369D000C3EC4 /* EmojinalTests.swift */; };
		1825129022BC369D000C3EC4 /* EmojinalUITests.swift in Sources */ = {isa = PBXBuildFile; fileRef = 1825128F22BC369D000C3EC4 /* EmojinalUITests.swift */; };
/* End PBXBuildFile section */

/* Begin PBXContainerItemProxy section */
		1825128122BC369D000C3EC4 /* PBXContainerItemProxy */ = {
			isa = PBXContainerItemProxy;
			containerPortal = 1825126422BC369C000C3EC4 /* Project object */;
			proxyType = 1;
			remoteGlobalIDString = 1825126B22BC369C000C3EC4;
			remoteInfo = Emojinal;
		};
		1825128C22BC369D000C3EC4 /* PBXContainerItemProxy */ = {
			isa = PBXContainerItemProxy;
			containerPortal = 1825126422BC369C000C3EC4 /* Project object */;
			proxyType = 1;
			remoteGlobalIDString = 1825126B22BC369C000C3EC4;
			remoteInfo = Emojinal;
		};
/* End PBXContainerItemProxy section */

/* Begin PBXFileReference section */
		1825126C22BC369C000C3EC4 /* Emojinal.app */ = {isa = PBXFileReference; explicitFileType = wrapper.application; includeInIndex = 0; path = Emojinal.app; sourceTree = BUILT_PRODUCTS_DIR; };
		1825126F22BC369C000C3EC4 /* AppDelegate.swift */ = {isa = PBXFileReference; lastKnownFileType = sourcecode.swift; path = AppDelegate.swift; sourceTree = "<group>"; };
		1825127122BC369C000C3EC4 /* ViewController.swift */ = {isa = PBXFileReference; lastKnownFileType = sourcecode.swift; path = ViewController.swift; sourceTree = "<group>"; };
		1825127422BC369C000C3EC4 /* Base */ = {isa = PBXFileReference; lastKnownFileType = file.storyboard; name = Base; path = Base.lproj/Main.storyboard; sourceTree = "<group>"; };
		1825127622BC369D000C3EC4 /* Assets.xcassets */ = {isa = PBXFileReference; lastKnownFileType = folder.assetcatalog; path = Assets.xcassets; sourceTree = "<group>"; };
		1825127922BC369D000C3EC4 /* Base */ = {isa = PBXFileReference; lastKnownFileType = file.storyboard; name = Base; path = Base.lproj/LaunchScreen.storyboard; sourceTree = "<group>"; };
		1825127B22BC369D000C3EC4 /* Info.plist */ = {isa = PBXFileReference; lastKnownFileType = text.plist.xml; path = Info.plist; sourceTree = "<group>"; };
		1825128022BC369D000C3EC4 /* EmojinalTests.xctest */ = {isa = PBXFileReference; explicitFileType = wrapper.cfbundle; includeInIndex = 0; path = EmojinalTests.xctest; sourceTree = BUILT_PRODUCTS_DIR; };
		1825128422BC369D000C3EC4 /* EmojinalTests.swift */ = {isa = PBXFileReference; lastKnownFileType = sourcecode.swift; path = EmojinalTests.swift; sourceTree = "<group>"; };
		1825128622BC369D000C3EC4 /* Info.plist */ = {isa = PBXFileReference; lastKnownFileType = text.plist.xml; path = Info.plist; sourceTree = "<group>"; };
		1825128B22BC369D000C3EC4 /* EmojinalUITests.xctest */ = {isa = PBXFileReference; explicitFileType = wrapper.cfbundle; includeInIndex = 0; path = EmojinalUITests.xctest; sourceTree = BUILT_PRODUCTS_DIR; };
		1825128F22BC369D000C3EC4 /* EmojinalUITests.swift */ = {isa = PBXFileReference; lastKnownFileType = sourcecode.swift; path = EmojinalUITests.swift; sourceTree = "<group>"; };
		1825129122BC369D000C3EC4 /* Info.plist */ = {isa = PBXFileReference; lastKnownFileType = text.plist.xml; path = Info.plist; sourceTree = "<group>"; };
/* End PBXFileReference section */

/* Begin PBXFrameworksBuildPhase section */
		1825126922BC369C000C3EC4 /* Frameworks */ = {
			isa = PBXFrameworksBuildPhase;
			buildActionMask = 2147483647;
			files = (
			);
			runOnlyForDeploymentPostprocessing = 0;
		};
		1825127D22BC369D000C3EC4 /* Frameworks */ = {
			isa = PBXFrameworksBuildPhase;
			buildActionMask = 2147483647;
			files = (
			);
			runOnlyForDeploymentPostprocessing = 0;
		};
		1825128822BC369D000C3EC4 /* Frameworks */ = {
			isa = PBXFrameworksBuildPhase;
			buildActionMask = 2147483647;
			files = (
			);
			runOnlyForDeploymentPostprocessing = 0;
		};
/* End PBXFrameworksBuildPhase section */

/* Begin PBXGroup section */
		1825126322BC369C000C3EC4 = {
			isa = PBXGroup;
			children = (
				1825126E22BC369C000C3EC4 /* Emojinal */,
				1825128322BC369D000C3EC4 /* EmojinalTests */,
				1825128E22BC369D000C3EC4 /* EmojinalUITests */,
				1825126D22BC369C000C3EC4 /* Products */,
			);
			sourceTree = "<group>";
		};
		1825126D22BC369C000C3EC4 /* Products */ = {
			isa = PBXGroup;
			children = (
				1825126C22BC369C000C3EC4 /* Emojinal.app */,
				1825128022BC369D000C3EC4 /* EmojinalTests.xctest */,
				1825128B22BC369D000C3EC4 /* EmojinalUITests.xctest */,
			);
			name = Products;
			sourceTree = "<group>";
		};
		1825126E22BC369C000C3EC4 /* Emojinal */ = {
			isa = PBXGroup;
			children = (
				1825126F22BC369C000C3EC4 /* AppDelegate.swift */,
				1825127122BC369C000C3EC4 /* ViewController.swift */,
				1825127322BC369C000C3EC4 /* Main.storyboard */,
				1825127622BC369D000C3EC4 /* Assets.xcassets */,
				1825127822BC369D000C3EC4 /* LaunchScreen.storyboard */,
				1825127B22BC369D000C3EC4 /* Info.plist */,
			);
			path = Emojinal;
			sourceTree = "<group>";
		};
		1825128322BC369D000C3EC4 /* EmojinalTests */ = {
			isa = PBXGroup;
			children = (
				1825128422BC369D000C3EC4 /* EmojinalTests.swift */,
				1825128622BC369D000C3EC4 /* Info.plist */,
			);
			path = EmojinalTests;
			sourceTree = "<group>";
		};
		1825128E22BC369D000C3EC4 /* EmojinalUITests */ = {
			isa = PBXGroup;
			children = (
				1825128F22BC369D000C3EC4 /* EmojinalUITests.swift */,
				1825129122BC369D000C3EC4 /* Info.plist */,
			);
			path = EmojinalUITests;
			sourceTree = "<group>";
		};
/* End PBXGroup section */

/* Begin PBXNativeTarget section */
		1825126B22BC369C000C3EC4 /* Emojinal */ = {
			isa = PBXNativeTarget;
			buildConfigurationList = 1825129422BC369D000C3EC4 /* Build configuration list for PBXNativeTarget "Emojinal" */;
			buildPhases = (
				1825126822BC369C000C3EC4 /* Sources */,
				1825126922BC369C000C3EC4 /* Frameworks */,
				1825126A22BC369C000C3EC4 /* Resources */,
			);
			buildRules = (
			);
			dependencies = (
			);
			name = Emojinal;
			productName = Emojinal;
			productReference = 1825126C22BC369C000C3EC4 /* Emojinal.app */;
			productType = "com.apple.product-type.application";
		};
		1825127F22BC369D000C3EC4 /* EmojinalTests */ = {
			isa = PBXNativeTarget;
			buildConfigurationList = 1825129722BC369D000C3EC4 /* Build configuration list for PBXNativeTarget "EmojinalTests" */;
			buildPhases = (
				1825127C22BC369D000C3EC4 /* Sources */,
				1825127D22BC369D000C3EC4 /* Frameworks */,
				1825127E22BC369D000C3EC4 /* Resources */,
			);
			buildRules = (
			);
			dependencies = (
				1825128222BC369D000C3EC4 /* PBXTargetDependency */,
			);
			name = EmojinalTests;
			productName = EmojinalTests;
			productReference = 1825128022BC369D000C3EC4 /* EmojinalTests.xctest */;
			productType = "com.apple.product-type.bundle.unit-test";
		};
		1825128A22BC369D000C3EC4 /* EmojinalUITests */ = {
			isa = PBXNativeTarget;
			buildConfigurationList = 1825129A22BC369D000C3EC4 /* Build configuration list for PBXNativeTarget "EmojinalUITests" */;
			buildPhases = (
				1825128722BC369D000C3EC4 /* Sources */,
				1825128822BC369D000C3EC4 /* Frameworks */,
				1825128922BC369D000C3EC4 /* Resources */,
			);
			buildRules = (
			);
			dependencies = (
				1825128D22BC369D000C3EC4 /* PBXTargetDependency */,
			);
			name = EmojinalUITests;
			productName = EmojinalUITests;
			productReference = 1825128B22BC369D000C3EC4 /* EmojinalUITests.xctest */;
			productType = "com.apple.product-type.bundle.ui-testing";
		};
/* End PBXNativeTarget section */

/* Begin PBXProject section */
		1825126422BC369C000C3EC4 /* Project object */ = {
			isa = PBXProject;
			attributes = {
				LastSwiftUpdateCheck = 1020;
				LastUpgradeCheck = 1020;
				ORGANIZATIONNAME = Apple;
				TargetAttributes = {
					1825126B22BC369C000C3EC4 = {
						CreatedOnToolsVersion = 10.2.1;
					};
					1825127F22BC369D000C3EC4 = {
						CreatedOnToolsVersion = 10.2.1;
						TestTargetID = 1825126B22BC369C000C3EC4;
					};
					1825128A22BC369D000C3EC4 = {
						CreatedOnToolsVersion = 10.2.1;
						TestTargetID = 1825126B22BC369C000C3EC4;
					};
				};
			};
			buildConfigurationList = 1825126722BC369C000C3EC4 /* Build configuration list for PBXProject "Emojinal" */;
			compatibilityVersion = "Xcode 9.3";
			developmentRegion = en;
			hasScannedForEncodings = 0;
			knownRegions = (
				en,
				Base,
			);
			mainGroup = 1825126322BC369C000C3EC4;
			productRefGroup = 1825126D22BC369C000C3EC4 /* Products */;
			projectDirPath = "";
			projectRoot = "";
			targets = (
				1825126B22BC369C000C3EC4 /* Emojinal */,
				1825127F22BC369D000C3EC4 /* EmojinalTests */,
				1825128A22BC369D000C3EC4 /* EmojinalUITests */,
			);
		};
/* End PBXProject section */

/* Begin PBXResourcesBuildPhase section */
		1825126A22BC369C000C3EC4 /* Resources */ = {
			isa = PBXResourcesBuildPhase;
			buildActionMask = 2147483647;
			files = (
				1825127A22BC369D000C3EC4 /* LaunchScreen.storyboard in Resources */,
				1825127722BC369D000C3EC4 /* Assets.xcassets in Resources */,
				1825127522BC369C000C3EC4 /* Main.storyboard in Resources */,
			);
			runOnlyForDeploymentPostprocessing = 0;
		};
		1825127E22BC369D000C3EC4 /* Resources */ = {
			isa = PBXResourcesBuildPhase;
			buildActionMask = 2147483647;
			files = (
			);
			runOnlyForDeploymentPostprocessing = 0;
		};
		1825128922BC369D000C3EC4 /* Resources */ = {
			isa = PBXResourcesBuildPhase;
			buildActionMask = 2147483647;
			files = (
			);
			runOnlyForDeploymentPostprocessing = 0;
		};
/* End PBXResourcesBuildPhase section */

/* Begin PBXSourcesBuildPhase section */
		1825126822BC369C000C3EC4 /* Sources */ = {
			isa = PBXSourcesBuildPhase;
			buildActionMask = 2147483647;
			files = (
				1825127222BC369C000C3EC4 /* ViewController.swift in Sources */,
				1825127022BC369C000C3EC4 /* AppDelegate.swift in Sources */,
			);
			runOnlyForDeploymentPostprocessing = 0;
		};
		1825127C22BC369D000C3EC4 /* Sources */ = {
			isa = PBXSourcesBuildPhase;
			buildActionMask = 2147483647;
			files = (
				1825128522BC369D000C3EC4 /* EmojinalTests.swift in Sources */,
			);
			runOnlyForDeploymentPostprocessing = 0;
		};
		1825128722BC369D000C3EC4 /* Sources */ = {
			isa = PBXSourcesBuildPhase;
			buildActionMask = 2147483647;
			files = (
				1825129022BC369D000C3EC4 /* EmojinalUITests.swift in Sources */,
			);
			runOnlyForDeploymentPostprocessing = 0;
		};
/* End PBXSourcesBuildPhase section */

/* Begin PBXTargetDependency section */
		1825128222BC369D000C3EC4 /* PBXTargetDependency */ = {
			isa = PBXTargetDependency;
			target = 1825126B22BC369C000C3EC4 /* Emojinal */;
			targetProxy = 1825128122BC369D000C3EC4 /* PBXContainerItemProxy */;
		};
		1825128D22BC369D000C3EC4 /* PBXTargetDependency */ = {
			isa = PBXTargetDependency;
			target = 1825126B22BC369C000C3EC4 /* Emojinal */;
			targetProxy = 1825128C22BC369D000C3EC4 /* PBXContainerItemProxy */;
		};
/* End PBXTargetDependency section */

/* Begin PBXVariantGroup section */
		1825127322BC369C000C3EC4 /* Main.storyboard */ = {
			isa = PBXVariantGroup;
			children = (
				1825127422BC369C000C3EC4 /* Base */,
			);
			name = Main.storyboard;
			sourceTree = "<group>";
		};
		1825127822BC369D000C3EC4 /* LaunchScreen.storyboard */ = {
			isa = PBXVariantGroup;
			children = (
				1825127922BC369D000C3EC4 /* Base */,
			);
			name = LaunchScreen.storyboard;
			sourceTree = "<group>";
		};
/* End PBXVariantGroup section */

/* Begin XCBuildConfiguration section */
		1825129222BC369D000C3EC4 /* Debug */ = {
			isa = XCBuildConfiguration;
			buildSettings = {
				ALWAYS_SEARCH_USER_PATHS = NO;
				CLANG_ANALYZER_NONNULL = YES;
				CLANG_ANALYZER_NUMBER_OBJECT_CONVERSION = YES_AGGRESSIVE;
				CLANG_CXX_LANGUAGE_STANDARD = "gnu++14";
				CLANG_CXX_LIBRARY = "libc++";
				CLANG_ENABLE_MODULES = YES;
				CLANG_ENABLE_OBJC_ARC = YES;
				CLANG_ENABLE_OBJC_WEAK = YES;
				CLANG_WARN_BLOCK_CAPTURE_AUTORELEASING = YES;
				CLANG_WARN_BOOL_CONVERSION = YES;
				CLANG_WARN_COMMA = YES;
				CLANG_WARN_CONSTANT_CONVERSION = YES;
				CLANG_WARN_DEPRECATED_OBJC_IMPLEMENTATIONS = YES;
				CLANG_WARN_DIRECT_OBJC_ISA_USAGE = YES_ERROR;
				CLANG_WARN_DOCUMENTATION_COMMENTS = YES;
				CLANG_WARN_EMPTY_BODY = YES;
				CLANG_WARN_ENUM_CONVERSION = YES;
				CLANG_WARN_INFINITE_RECURSION = YES;
				CLANG_WARN_INT_CONVERSION = YES;
				CLANG_WARN_NON_LITERAL_NULL_CONVERSION = YES;
				CLANG_WARN_OBJC_IMPLICIT_RETAIN_SELF = YES;
				CLANG_WARN_OBJC_LITERAL_CONVERSION = YES;
				CLANG_WARN_OBJC_ROOT_CLASS = YES_ERROR;
				CLANG_WARN_RANGE_LOOP_ANALYSIS = YES;
				CLANG_WARN_STRICT_PROTOTYPES = YES;
				CLANG_WARN_SUSPICIOUS_MOVE = YES;
				CLANG_WARN_UNGUARDED_AVAILABILITY = YES_AGGRESSIVE;
				CLANG_WARN_UNREACHABLE_CODE = YES;
				CLANG_WARN__DUPLICATE_METHOD_MATCH = YES;
				CODE_SIGN_IDENTITY = "iPhone Developer";
				COPY_PHASE_STRIP = NO;
				DEBUG_INFORMATION_FORMAT = dwarf;
				ENABLE_STRICT_OBJC_MSGSEND = YES;
				ENABLE_TESTABILITY = YES;
				GCC_C_LANGUAGE_STANDARD = gnu11;
				GCC_DYNAMIC_NO_PIC = NO;
				GCC_NO_COMMON_BLOCKS = YES;
				GCC_OPTIMIZATION_LEVEL = 0;
				GCC_PREPROCESSOR_DEFINITIONS = (
					"DEBUG=1",
					"$(inherited)",
				);
				GCC_WARN_64_TO_32_BIT_CONVERSION = YES;
				GCC_WARN_ABOUT_RETURN_TYPE = YES_ERROR;
				GCC_WARN_UNDECLARED_SELECTOR = YES;
				GCC_WARN_UNINITIALIZED_AUTOS = YES_AGGRESSIVE;
				GCC_WARN_UNUSED_FUNCTION = YES;
				GCC_WARN_UNUSED_VARIABLE = YES;
				IPHONEOS_DEPLOYMENT_TARGET = 12.2;
				MTL_ENABLE_DEBUG_INFO = INCLUDE_SOURCE;
				MTL_FAST_MATH = YES;
				ONLY_ACTIVE_ARCH = YES;
				SDKROOT = iphoneos;
				SWIFT_ACTIVE_COMPILATION_CONDITIONS = DEBUG;
				SWIFT_OPTIMIZATION_LEVEL = "-Onone";
			};
			name = Debug;
		};
		1825129322BC369D000C3EC4 /* Release */ = {
			isa = XCBuildConfiguration;
			buildSettings = {
				ALWAYS_SEARCH_USER_PATHS = NO;
				CLANG_ANALYZER_NONNULL = YES;
				CLANG_ANALYZER_NUMBER_OBJECT_CONVERSION = YES_AGGRESSIVE;
				CLANG_CXX_LANGUAGE_STANDARD = "gnu++14";
				CLANG_CXX_LIBRARY = "libc++";
				CLANG_ENABLE_MODULES = YES;
				CLANG_ENABLE_OBJC_ARC = YES;
				CLANG_ENABLE_OBJC_WEAK = YES;
				CLANG_WARN_BLOCK_CAPTURE_AUTORELEASING = YES;
				CLANG_WARN_BOOL_CONVERSION = YES;
				CLANG_WARN_COMMA = YES;
				CLANG_WARN_CONSTANT_CONVERSION = YES;
				CLANG_WARN_DEPRECATED_OBJC_IMPLEMENTATIONS = YES;
				CLANG_WARN_DIRECT_OBJC_ISA_USAGE = YES_ERROR;
				CLANG_WARN_DOCUMENTATION_COMMENTS = YES;
				CLANG_WARN_EMPTY_BODY = YES;
				CLANG_WARN_ENUM_CONVERSION = YES;
				CLANG_WARN_INFINITE_RECURSION = YES;
				CLANG_WARN_INT_CONVERSION = YES;
				CLANG_WARN_NON_LITERAL_NULL_CONVERSION = YES;
				CLANG_WARN_OBJC_IMPLICIT_RETAIN_SELF = YES;
				CLANG_WARN_OBJC_LITERAL_CONVERSION = YES;
				CLANG_WARN_OBJC_ROOT_CLASS = YES_ERROR;
				CLANG_WARN_RANGE_LOOP_ANALYSIS = YES;
				CLANG_WARN_STRICT_PROTOTYPES = YES;
				CLANG_WARN_SUSPICIOUS_MOVE = YES;
				CLANG_WARN_UNGUARDED_AVAILABILITY = YES_AGGRESSIVE;
				CLANG_WARN_UNREACHABLE_CODE = YES;
				CLANG_WARN__DUPLICATE_METHOD_MATCH = YES;
				CODE_SIGN_IDENTITY = "iPhone Developer";
				COPY_PHASE_STRIP = NO;
				DEBUG_INFORMATION_FORMAT = "dwarf-with-dsym";
				ENABLE_NS_ASSERTIONS = NO;
				ENABLE_STRICT_OBJC_MSGSEND = YES;
				GCC_C_LANGUAGE_STANDARD = gnu11;
				GCC_NO_COMMON_BLOCKS = YES;
				GCC_WARN_64_TO_32_BIT_CONVERSION = YES;
				GCC_WARN_ABOUT_RETURN_TYPE = YES_ERROR;
				GCC_WARN_UNDECLARED_SELECTOR = YES;
				GCC_WARN_UNINITIALIZED_AUTOS = YES_AGGRESSIVE;
				GCC_WARN_UNUSED_FUNCTION = YES;
				GCC_WARN_UNUSED_VARIABLE = YES;
				IPHONEOS_DEPLOYMENT_TARGET = 12.2;
				MTL_ENABLE_DEBUG_INFO = NO;
				MTL_FAST_MATH = YES;
				SDKROOT = iphoneos;
				SWIFT_COMPILATION_MODE = wholemodule;
				SWIFT_OPTIMIZATION_LEVEL = "-O";
				VALIDATE_PRODUCT = YES;
			};
			name = Release;
		};
		1825129522BC369D000C3EC4 /* Debug */ = {
			isa = XCBuildConfiguration;
			buildSettings = {
				ASSETCATALOG_COMPILER_APPICON_NAME = AppIcon;
				CODE_SIGN_STYLE = Automatic;
				INFOPLIST_FILE = Emojinal/Info.plist;
				LD_RUNPATH_SEARCH_PATHS = (
					"$(inherited)",
					"@executable_path/Frameworks",
				);
				PRODUCT_BUNDLE_IDENTIFIER = HS.Emojinal;
				PRODUCT_NAME = "$(TARGET_NAME)";
				SWIFT_VERSION = 5.0;
				TARGETED_DEVICE_FAMILY = "1,2";
			};
			name = Debug;
		};
		1825129622BC369D000C3EC4 /* Release */ = {
			isa = XCBuildConfiguration;
			buildSettings = {
				ASSETCATALOG_COMPILER_APPICON_NAME = AppIcon;
				CODE_SIGN_STYLE = Automatic;
				INFOPLIST_FILE = Emojinal/Info.plist;
				LD_RUNPATH_SEARCH_PATHS = (
					"$(inherited)",
					"@executable_path/Frameworks",
				);
				PRODUCT_BUNDLE_IDENTIFIER = HS.Emojinal;
				PRODUCT_NAME = "$(TARGET_NAME)";
				SWIFT_VERSION = 5.0;
				TARGETED_DEVICE_FAMILY = "1,2";
			};
			name = Release;
		};
		1825129822BC369D000C3EC4 /* Debug */ = {
			isa = XCBuildConfiguration;
			buildSettings = {
				ALWAYS_EMBED_SWIFT_STANDARD_LIBRARIES = YES;
				BUNDLE_LOADER = "$(TEST_HOST)";
				CODE_SIGN_STYLE = Automatic;
				INFOPLIST_FILE = EmojinalTests/Info.plist;
				LD_RUNPATH_SEARCH_PATHS = (
					"$(inherited)",
					"@executable_path/Frameworks",
					"@loader_path/Frameworks",
				);
				PRODUCT_BUNDLE_IDENTIFIER = HS.EmojinalTests;
				PRODUCT_NAME = "$(TARGET_NAME)";
				SWIFT_VERSION = 5.0;
				TARGETED_DEVICE_FAMILY = "1,2";
				TEST_HOST = "$(BUILT_PRODUCTS_DIR)/Emojinal.app/Emojinal";
			};
			name = Debug;
		};
		1825129922BC369D000C3EC4 /* Release */ = {
			isa = XCBuildConfiguration;
			buildSettings = {
				ALWAYS_EMBED_SWIFT_STANDARD_LIBRARIES = YES;
				BUNDLE_LOADER = "$(TEST_HOST)";
				CODE_SIGN_STYLE = Automatic;
				INFOPLIST_FILE = EmojinalTests/Info.plist;
				LD_RUNPATH_SEARCH_PATHS = (
					"$(inherited)",
					"@executable_path/Frameworks",
					"@loader_path/Frameworks",
				);
				PRODUCT_BUNDLE_IDENTIFIER = HS.EmojinalTests;
				PRODUCT_NAME = "$(TARGET_NAME)";
				SWIFT_VERSION = 5.0;
				TARGETED_DEVICE_FAMILY = "1,2";
				TEST_HOST = "$(BUILT_PRODUCTS_DIR)/Emojinal.app/Emojinal";
			};
			name = Release;
		};
		1825129B22BC369D000C3EC4 /* Debug */ = {
			isa = XCBuildConfiguration;
			buildSettings = {
				ALWAYS_EMBED_SWIFT_STANDARD_LIBRARIES = YES;
				CODE_SIGN_STYLE = Automatic;
				INFOPLIST_FILE = EmojinalUITests/Info.plist;
				LD_RUNPATH_SEARCH_PATHS = (
					"$(inherited)",
					"@executable_path/Frameworks",
					"@loader_path/Frameworks",
				);
				PRODUCT_BUNDLE_IDENTIFIER = HS.EmojinalUITests;
				PRODUCT_NAME = "$(TARGET_NAME)";
				SWIFT_VERSION = 5.0;
				TARGETED_DEVICE_FAMILY = "1,2";
				TEST_TARGET_NAME = Emojinal;
			};
			name = Debug;
		};
		1825129C22BC369D000C3EC4 /* Release */ = {
			isa = XCBuildConfiguration;
			buildSettings = {
				ALWAYS_EMBED_SWIFT_STANDARD_LIBRARIES = YES;
				CODE_SIGN_STYLE = Automatic;
				INFOPLIST_FILE = EmojinalUITests/Info.plist;
				LD_RUNPATH_SEARCH_PATHS = (
					"$(inherited)",
					"@executable_path/Frameworks",
					"@loader_path/Frameworks",
				);
				PRODUCT_BUNDLE_IDENTIFIER = HS.EmojinalUITests;
				PRODUCT_NAME = "$(TARGET_NAME)";
				SWIFT_VERSION = 5.0;
				TARGETED_DEVICE_FAMILY = "1,2";
				TEST_TARGET_NAME = Emojinal;
			};
			name = Release;
		};
/* End XCBuildConfiguration section */

/* Begin XCConfigurationList section */
		1825126722BC369C000C3EC4 /* Build configuration list for PBXProject "Emojinal" */ = {
			isa = XCConfigurationList;
			buildConfigurations = (
				1825129222BC369D000C3EC4 /* Debug */,
				1825129322BC369D000C3EC4 /* Release */,
			);
			defaultConfigurationIsVisible = 0;
			defaultConfigurationName = Release;
		};
		1825129422BC369D000C3EC4 /* Build configuration list for PBXNativeTarget "Emojinal" */ = {
			isa = XCConfigurationList;
			buildConfigurations = (
				1825129522BC369D000C3EC4 /* Debug */,
				1825129622BC369D000C3EC4 /* Release */,
			);
			defaultConfigurationIsVisible = 0;
			defaultConfigurationName = Release;
		};
		1825129722BC369D000C3EC4 /* Build configuration list for PBXNativeTarget "EmojinalTests" */ = {
			isa = XCConfigurationList;
			buildConfigurations = (
				1825129822BC369D000C3EC4 /* Debug */,
				1825129922BC369D000C3EC4 /* Release */,
			);
			defaultConfigurationIsVisible = 0;
			defaultConfigurationName = Release;
		};
		1825129A22BC369D000C3EC4 /* Build configuration list for PBXNativeTarget "EmojinalUITests" */ = {
			isa = XCConfigurationList;
			buildConfigurations = (
				1825129B22BC369D000C3EC4 /* Debug */,
				1825129C22BC369D000C3EC4 /* Release */,
			);
			defaultConfigurationIsVisible = 0;
			defaultConfigurationName = Release;
		};
/* End XCConfigurationList section */
	};
	rootObject = 1825126422BC369C000C3EC4 /* Project object */;
}
